
Microsoft Visual Studio Solution File, Format Version 12.00
# Visual Studio Version 17
VisualStudioVersion = 17.5.002.0
MinimumVisualStudioVersion = 10.0.40219.1
Project("{9A19103F-16F7-4668-BE54-9A1E7A4F7556}") = "urlparser", "urlparser.csproj", "{942505C1-08EB-44FA-B817-09E50BD4E9FD}"
EndProject
Global
	GlobalSection(SolutionConfigurationPlatforms) = preSolution
		Debug|Any CPU = Debug|Any CPU
		Release|Any CPU = Release|Any CPU
	EndGlobalSection
	GlobalSection(ProjectConfigurationPlatforms) = postSolution
		{942505C1-08EB-44FA-B817-09E50BD4E9FD}.Debug|Any CPU.ActiveCfg = Debug|Any CPU
		{942505C1-08EB-44FA-B817-09E50BD4E9FD}.Debug|Any CPU.Build.0 = Debug|Any CPU
		{942505C1-08EB-44FA-B817-09E50BD4E9FD}.Release|Any CPU.ActiveCfg = Release|Any CPU
		{942505C1-08EB-44FA-B817-09E50BD4E9FD}.Release|Any CPU.Build.0 = Release|Any CPU
	EndGlobalSection
	GlobalSection(SolutionProperties) = preSolution
		HideSolutionNode = FALSE
	EndGlobalSection
	GlobalSection(ExtensibilityGlobals) = postSolution
		SolutionGuid = {001C70B0-BC50-408D-8C50-D65C56ADC469}
	EndGlobalSection
EndGlobal
